
Microsoft Visual Studio Solution File, Format Version 12.00
# Visual Studio 15
VisualStudioVersion = 15.0.28307.489
MinimumVisualStudioVersion = 10.0.40219.1
Project("{FAE04EC0-301F-11D3-BF4B-00C04F79EFBC}") = "prime", "prime\prime.csproj", "{F619A41F-D2C1-4E4E-BC42-F651A94447BE}"
EndProject
Global
	GlobalSection(SolutionConfigurationPlatforms) = preSolution
		Debug|Any CPU = Debug|Any CPU
		Release|Any CPU = Release|Any CPU
	EndGlobalSection
	GlobalSection(ProjectConfigurationPlatforms) = postSolution
		{F619A41F-D2C1-4E4E-BC42-F651A94447BE}.Debug|Any CPU.ActiveCfg = Debug|Any CPU
		{F619A41F-D2C1-4E4E-BC42-F651A94447BE}.Debug|Any CPU.Build.0 = Debug|Any CPU
		{F619A41F-D2C1-4E4E-BC42-F651A94447BE}.Release|Any CPU.ActiveCfg = Release|Any CPU
		{F619A41F-D2C1-4E4E-BC42-F651A94447BE}.Release|Any CPU.Build.0 = Release|Any CPU
	EndGlobalSection
	GlobalSection(SolutionProperties) = preSolution
		HideSolutionNode = FALSE
	EndGlobalSection
	GlobalSection(ExtensibilityGlobals) = postSolution
		SolutionGuid = {C52194A3-136C-4BED-A402-C115ECB44CD3}
	EndGlobalSection
EndGlobal
